
Microsoft Visual Studio Solution File, Format Version 12.00
# Visual Studio Version 17
VisualStudioVersion = 17.6.33815.320
MinimumVisualStudioVersion = 10.0.40219.1
Project("{FAE04EC0-301F-11D3-BF4B-00C04F79EFBC}") = "apteka", "apteka\apteka.csproj", "{F4CDEBE9-47E6-4BC8-A9E4-DC3ED0648553}"
EndProject
Global
	GlobalSection(SolutionConfigurationPlatforms) = preSolution
		Debug|Any CPU = Debug|Any CPU
		Release|Any CPU = Release|Any CPU
	EndGlobalSection
	GlobalSection(ProjectConfigurationPlatforms) = postSolution
		{F4CDEBE9-47E6-4BC8-A9E4-DC3ED0648553}.Debug|Any CPU.ActiveCfg = Debug|Any CPU
		{F4CDEBE9-47E6-4BC8-A9E4-DC3ED0648553}.Debug|Any CPU.Build.0 = Debug|Any CPU
		{F4CDEBE9-47E6-4BC8-A9E4-DC3ED0648553}.Release|Any CPU.ActiveCfg = Release|Any CPU
		{F4CDEBE9-47E6-4BC8-A9E4-DC3ED0648553}.Release|Any CPU.Build.0 = Release|Any CPU
	EndGlobalSection
	GlobalSection(SolutionProperties) = preSolution
		HideSolutionNode = FALSE
	EndGlobalSection
	GlobalSection(ExtensibilityGlobals) = postSolution
		SolutionGuid = {6EAACBA7-F5E3-441A-BC97-02EE64D3B737}
	EndGlobalSection
EndGlobal
